PODS:
  - AFNetworking (4.0.1):
    - AFNetworking/NSURLSession (= 4.0.1)
    - AFNetworking/Reachability (= 4.0.1)
    - AFNetworking/Security (= 4.0.1)
    - AFNetworking/Serialization (= 4.0.1)
    - AFNetworking/UIKit (= 4.0.1)
  - AFNetworking/NSURLSession (4.0.1):
    - AFNetworking/Reachability
    - AFNetworking/Security
    - AFNetworking/Serialization
  - AFNetworking/Reachability (4.0.1)
  - AFNetworking/Security (4.0.1)
  - AFNetworking/Serialization (4.0.1)
  - AFNetworking/UIKit (4.0.1):
    - AFNetworking/NSURLSession
  - AwesomeMenu (1.0.0)
  - AWRichText (1.0.1)
  - AYCheckVersion (1.3.5)
  - BEMCheckBox (1.4.1)
  - BSYKeyBoard (1.1.2)
  - CocoaAsyncSocket (7.6.4)
  - CocoaLumberjack (3.6.2):
    - CocoaLumberjack/Core (= 3.6.2)
  - CocoaLumberjack/Core (3.6.2)
  - CWLateralSlide (1.6.5)
  - DDProgressView (0.1)
  - Debugo (0.3.0):
    - Debugo/Core (= 0.3.0)
  - Debugo/Core (0.3.0):
    - FMDB (>= 2.7.2)
  - DTCoreText (1.6.23):
    - DTCoreText/Core (= 1.6.23)
    - DTFoundation/Core (~> 1.7.5)
    - DTFoundation/DTAnimatedGIF (~> 1.7.5)
    - DTFoundation/DTHTMLParser (~> 1.7.5)
    - DTFoundation/UIKit (~> 1.7.5)
  - DTCoreText/Core (1.6.23):
    - DTFoundation/Core (~> 1.7.5)
    - DTFoundation/DTAnimatedGIF (~> 1.7.5)
    - DTFoundation/DTHTMLParser (~> 1.7.5)
    - DTFoundation/UIKit (~> 1.7.5)
  - DTFoundation/Core (1.7.14)
  - DTFoundation/DTAnimatedGIF (1.7.14)
  - DTFoundation/DTHTMLParser (1.7.14):
    - DTFoundation/Core
  - DTFoundation/UIKit (1.7.14):
    - DTFoundation/Core
  - FBAllocationTracker (0.1.5)
  - FBMemoryProfiler (0.1.3):
    - FBAllocationTracker (~> 0.1)
    - FBRetainCycleDetector (~> 0.1)
  - FBRetainCycleDetector (0.1.4)
  - FDFullscreenPopGesture (1.1)
  - FLAnimatedImage (1.0.12)
  - "FLAnimatedImageView+RGWrapper (1.0.0)":
    - FLAnimatedImage
  - FLEX (4.1.1)
  - FMDB (2.7.5):
    - FMDB/standard (= 2.7.5)
  - FMDB/standard (2.7.5)
  - GKPageScrollView (1.3.7)
  - GPUImage (0.1.7)
  - HBDNavigationBar (1.7.7)
  - HCSStarRatingView (1.5)
  - IQKeyboardManager (6.5.5)
  - JDStatusBarNotification (1.6.1)
  - JJException (0.2.8):
    - JJException/All (= 0.2.8)
  - JJException/All (0.2.8):
    - JJException/ARC
    - JJException/DeallocBlock
    - JJException/Main
    - JJException/MRC
    - JJException/Swizzle
  - JJException/ARC (0.2.8):
    - JJException/DeallocBlock
    - JJException/Main
    - JJException/Swizzle
  - JJException/DeallocBlock (0.2.8)
  - JJException/Main (0.2.8)
  - JJException/MRC (0.2.8):
    - JJException/Main
    - JJException/Swizzle
  - JJException/Swizzle (0.2.8)
  - JJStockView (0.0.7)
  - JPImageresizerView (1.7.5)
  - JSONModel (1.8.0)
  - JXCategoryView (1.5.6)
  - ksyhttpcache (1.2.4):
    - CocoaAsyncSocket
    - CocoaLumberjack
  - KSYMediaPlayer_iOS/KSYMediaPlayer_vod (3.0.3)
  - LBXScan/LBXNative (2.3):
    - LBXScan/Types (~> 2.2)
  - LBXScan/LBXZBar (2.3):
    - LBXScan/Types (~> 2.2)
    - ZBarSDK (~> 1.3.1)
  - LBXScan/LBXZXing (2.3):
    - LBXScan/Types (~> 2.2)
  - LBXScan/Types (2.3)
  - LBXScan/UI (2.3):
    - LBXScan/Types (~> 2.2)
  - LKDBHelper (2.5.3):
    - LKDBHelper/standard (= 2.5.3)
  - LKDBHelper/standard (2.5.3):
    - FMDB
  - LYEmptyView (1.3.1)
  - LYXAlertController (0.0.2)
  - Masonry (1.1.0)
  - "MBProgressHUD+WJExtension (1.3.1)"
  - MJExtension (3.2.2)
  - MJRefresh (3.4.3)
  - MLeaksFinder (1.0.0):
    - FBRetainCycleDetector
  - MSWeakTimer (1.1.0)
  - NJKWebViewProgress (0.2.3):
    - NJKWebViewProgress/Core (= 0.2.3)
    - NJKWebViewProgress/ProgressView (= 0.2.3)
  - NJKWebViewProgress/Core (0.2.3)
  - NJKWebViewProgress/ProgressView (0.2.3)
  - OpenUDID (1.0.0)
  - PINCache (3.0.1-beta.8):
    - PINCache/Arc-exception-safe (= 3.0.1-beta.8)
    - PINCache/Core (= 3.0.1-beta.8)
  - PINCache/Arc-exception-safe (3.0.1-beta.8):
    - PINCache/Core
  - PINCache/Core (3.0.1-beta.8):
    - PINOperation (~> 1.1.1)
  - PINOperation (1.1.2)
  - PINRemoteImage/Core (3.0.0):
    - PINOperation
  - PINRemoteImage/iOS (3.0.0):
    - PINRemoteImage/Core
  - PINRemoteImage/PINCache (3.0.0):
    - PINCache (= 3.0.1-beta.8)
    - PINRemoteImage/Core
  - pop (1.0.12)
  - PYSearch (0.9.1)
  - Reachability (3.2)
  - ReactiveObjC (3.1.1)
  - Reveal-SDK (26)
  - RQShineLabel (1.0.0)
  - SDCycleScrollView (1.80):
    - SDWebImage (>= 5.0.0)
  - SDWebImage (5.8.4):
    - SDWebImage/Core (= 5.8.4)
  - SDWebImage/Core (5.8.4)
  - Shimmer (1.0.2)
  - SocketRocket (0.5.1)
  - SQLiteRepairKit (1.2.2):
    - WCDBOptimizedSQLCipher (~> 1.2.0)
  - SZTextView (1.3.0)
  - Texture (3.0.0):
    - Texture/AssetsLibrary (= 3.0.0)
    - Texture/Core (= 3.0.0)
    - Texture/MapKit (= 3.0.0)
    - Texture/Photos (= 3.0.0)
    - Texture/PINRemoteImage (= 3.0.0)
    - Texture/Video (= 3.0.0)
  - Texture/AssetsLibrary (3.0.0):
    - Texture/Core
  - Texture/Core (3.0.0)
  - Texture/MapKit (3.0.0):
    - Texture/Core
  - Texture/Photos (3.0.0):
    - Texture/Core
  - Texture/PINRemoteImage (3.0.0):
    - PINRemoteImage/iOS (~> 3.0.0)
    - PINRemoteImage/PINCache
    - Texture/Core
  - Texture/Video (3.0.0):
    - Texture/Core
  - TKCarouselView (1.1.7)
  - TTTAttributedLabel (2.0.0)
  - TWPageViewController (0.0.2)
  - TXFileOperation (1.0)
  - TXScrollLabelView (1.3.2)
  - TZImagePickerController (3.4.1)
  - UICountingLabel (1.4.1)
  - WCDB (1.0.7.5):
    - SQLiteRepairKit (~> 1.2.0)
    - WCDBOptimizedSQLCipher (~> 1.2.0)
  - WCDBOptimizedSQLCipher (1.2.1)
  - WebViewJavascriptBridge (6.0.3)
  - WXSTransition (1.2.1)
  - YQImageCompressor (1.0.0)
  - YYKit (1.0.9):
    - YYKit/no-arc (= 1.0.9)
  - YYKit/no-arc (1.0.9)
  - ZBarSDK (1.3.1)
  - ZFJTreeViewKit (1.0.1)

DEPENDENCIES:
  - AFNetworking
  - AwesomeMenu
  - AWRichText
  - AYCheckVersion
  - BEMCheckBox
  - BSYKeyBoard
  - CocoaLumberjack
  - CWLateralSlide
  - DDProgressView
  - Debugo
  - DTCoreText
  - FBMemoryProfiler
  - FDFullscreenPopGesture
  - "FLAnimatedImageView+RGWrapper"
  - FLEX
  - FMDB
  - GKPageScrollView
  - GPUImage
  - HBDNavigationBar
  - HCSStarRatingView
  - IQKeyboardManager
  - JDStatusBarNotification
  - JJException
  - JJStockView
  - JPImageresizerView
  - JSONModel
  - JXCategoryView
  - ksyhttpcache
  - KSYMediaPlayer_iOS/KSYMediaPlayer_vod
  - LBXScan/LBXNative
  - LBXScan/LBXZBar
  - LBXScan/LBXZXing
  - LBXScan/UI
  - LKDBHelper
  - LYEmptyView
  - LYXAlertController
  - Masonry
  - "MBProgressHUD+WJExtension"
  - MJExtension
  - MJRefresh
  - MLeaksFinder
  - MSWeakTimer
  - NJKWebViewProgress
  - OpenUDID
  - pop
  - PYSearch
  - Reachability
  - ReactiveObjC
  - Reveal-SDK
  - RQShineLabel
  - SDCycleScrollView
  - SDWebImage
  - Shimmer
  - SocketRocket
  - SZTextView
  - Texture
  - TKCarouselView
  - TTTAttributedLabel
  - TWPageViewController
  - TXFileOperation
  - TXScrollLabelView
  - TZImagePickerController
  - UICountingLabel
  - WCDB
  - WebViewJavascriptBridge
  - WXSTransition
  - YQImageCompressor
  - YYKit
  - ZFJTreeViewKit

SPEC REPOS:
  trunk:
    - AFNetworking
    - AwesomeMenu
    - AWRichText
    - AYCheckVersion
    - BEMCheckBox
    - BSYKeyBoard
    - CocoaAsyncSocket
    - CocoaLumberjack
    - CWLateralSlide
    - DDProgressView
    - Debugo
    - DTCoreText
    - DTFoundation
    - FBAllocationTracker
    - FBMemoryProfiler
    - FBRetainCycleDetector
    - FDFullscreenPopGesture
    - FLAnimatedImage
    - "FLAnimatedImageView+RGWrapper"
    - FLEX
    - FMDB
    - GKPageScrollView
    - GPUImage
    - HBDNavigationBar
    - HCSStarRatingView
    - IQKeyboardManager
    - JDStatusBarNotification
    - JJException
    - JJStockView
    - JPImageresizerView
    - JSONModel
    - JXCategoryView
    - ksyhttpcache
    - KSYMediaPlayer_iOS
    - LBXScan
    - LKDBHelper
    - LYEmptyView
    - LYXAlertController
    - Masonry
    - "MBProgressHUD+WJExtension"
    - MJExtension
    - MJRefresh
    - MLeaksFinder
    - MSWeakTimer
    - NJKWebViewProgress
    - OpenUDID
    - PINCache
    - PINOperation
    - PINRemoteImage
    - pop
    - PYSearch
    - Reachability
    - ReactiveObjC
    - Reveal-SDK
    - RQShineLabel
    - SDCycleScrollView
    - SDWebImage
    - Shimmer
    - SocketRocket
    - SQLiteRepairKit
    - SZTextView
    - Texture
    - TKCarouselView
    - TTTAttributedLabel
    - TWPageViewController
    - TXFileOperation
    - TXScrollLabelView
    - TZImagePickerController
    - UICountingLabel
    - WCDB
    - WCDBOptimizedSQLCipher
    - WebViewJavascriptBridge
    - WXSTransition
    - YQImageCompressor
    - YYKit
    - ZBarSDK
    - ZFJTreeViewKit

SPEC CHECKSUMS:
  AFNetworking: 7864c38297c79aaca1500c33288e429c3451fdce
  AwesomeMenu: 34bad7f873e4b3cfaa6651fabbb96607d0e8f2b3
  AWRichText: 7adc57ff591ef9365cfb3f35aac98b2e97db015d
  AYCheckVersion: 3a313028a34ddfc5ccd16417d0a364fce2bb0add
  BEMCheckBox: 5ba6e37ade3d3657b36caecc35c8b75c6c2b1a4e
  BSYKeyBoard: 777eb83fc0aca335f4d94d83eced12c797c654c6
  CocoaAsyncSocket: 694058e7c0ed05a9e217d1b3c7ded962f4180845
  CocoaLumberjack: bd155f2dd06c0e0b03f876f7a3ee55693122ec94
  CWLateralSlide: 8939c8dea91a24e40d0793553118cb57cd67f64b
  DDProgressView: d5a8983e5585217ee58f4a046bb4038f6e1b6306
  Debugo: ae9d6a6e0c33dcb061db331bd0aead971756a204
  DTCoreText: 67023bb51b26711d5f640c851f4845aea14c24c9
  DTFoundation: 25aa19bb7c6e225b1dfae195604fb8cf1da0ab4c
  FBAllocationTracker: dfdca3f71aceca6a85e95e3c6ec76a9785eba0f1
  FBMemoryProfiler: 623fc5f8a61f7d02ec75c87e3b97c90f621d8b02
  FBRetainCycleDetector: 46f8179bbb1c587deee3ea838a1a3ee02acf5015
  FDFullscreenPopGesture: a8a620179e3d9c40e8e00256dcee1c1a27c6d0f0
  FLAnimatedImage: 4a0b56255d9b05f18b6dd7ee06871be5d3b89e31
  "FLAnimatedImageView+RGWrapper": 01f3dc52abf32abf2cd854b442864d679a41465c
  FLEX: 81096107977a09836eb440173010ceeef01105d6
  FMDB: 2ce00b547f966261cd18927a3ddb07cb6f3db82a
  GKPageScrollView: decb0db666d879d31c513e968c2ecc824546c504
  GPUImage: 733a5f0fab92df9de1c37ba9df520a833ccb406d
  HBDNavigationBar: 6ba38b99637039c831ce460364d5398f29fa0685
  HCSStarRatingView: 1d18f79654735514cd6f00e6d90e38cb6320dc31
  IQKeyboardManager: 3a8b9e603f8b0eeaf5f096a1f2b2cfcf121992ef
  JDStatusBarNotification: 6052ca9a51ee0bb058f8dc09cf1d63554ef0f743
  JJException: 2c21abbd65fb977c0acc191ec2bfbb7a2aa0c540
  JJStockView: 7921a6e05e06b217f10c7c36114bdb098f785cf7
  JPImageresizerView: c23ae0d67ea61da374c8a16d3f55982111375c10
  JSONModel: 02ab723958366a3fd27da57ea2af2113658762e9
  JXCategoryView: 603ccd8277a89b1a73e9cedb9d8ed4b294576008
  ksyhttpcache: b7f7d9b215e74b49deb4b138e59b3d3b80a05f3d
  KSYMediaPlayer_iOS: bd163c277487e99df58941f10f090af2fb53fd6d
  LBXScan: e51449f0832d1fe17da632af0d22adeb3cfa3543
  LKDBHelper: 26b47fdd6f4c800ef83c478554829ff8a1da20c5
  LYEmptyView: b6d418cfa38b78df0cf243f9a9c25ccbdc399922
  LYXAlertController: b1459683e9d3622f697bd1ee6a9e584253b0c8b3
  Masonry: 678fab65091a9290e40e2832a55e7ab731aad201
  "MBProgressHUD+WJExtension": 1d9c93951b49e8c711fef6e6089aa6d7d3321192
  MJExtension: d9b9c74cbdeb724c1e9ecbb157b318276e62e876
  MJRefresh: 53e3e3219f204425ee6d3e62e8733d3295944cd6
  MLeaksFinder: 8c435bd2f6d070af18cff082b503b21adc130fc0
  MSWeakTimer: 9426150f933b80ed3acf3f6d228e4b61f0e303c8
  NJKWebViewProgress: f481fd424cb5ecc27eacae11b5397db92fba9a4d
  OpenUDID: e7cb6984c7304906ad20f3a36bf087b025896b6b
  PINCache: 534fd41d358d828dfdf227a0d327f3673a65e20b
  PINOperation: 24b774353ca248fcf87d67b2d61eef42087c125a
  PINRemoteImage: e2b89e19fb6e77ffc099f9d9f3b3fe1745e3f9f9
  pop: d582054913807fd11fd50bfe6a539d91c7e1a55a
  PYSearch: 76dee18eea3309b60921a5d6a69390a63a5dda15
  Reachability: 33e18b67625424e47b6cde6d202dce689ad7af96
  ReactiveObjC: 011caa393aa0383245f2dcf9bf02e86b80b36040
  Reveal-SDK: 5f94f14aff3d5f2a49f246edcd266fa4472679e9
  RQShineLabel: 17457abf7250d1220ddd99bc61323d57563344cd
  SDCycleScrollView: b3c9a5ed840c771c4938978174c7c9d9feefeb96
  SDWebImage: cf6922231e95550934da2ada0f20f2becf2ceba9
  Shimmer: c5374be1c2b0c9e292fb05b339a513cf291cac86
  SocketRocket: d57c7159b83c3c6655745cd15302aa24b6bae531
  SQLiteRepairKit: 35aaae5a8838adb85f5b1eb4d796055be6060a4b
  SZTextView: 094dc6acc9beec537685c545d6e3e0d4975174e1
  Texture: 2f109e937850d94d1d07232041c9c7313ccddb81
  TKCarouselView: 9a4e4d9d42394f1d351f8b54e9c6c89b17f051da
  TTTAttributedLabel: 8cffe8e127e4e82ff3af1e5386d4cd0ad000b656
  TWPageViewController: 9a301b0b9774fb6b1d97e947620580e894d01274
  TXFileOperation: 99bc7e3763678fdea8e8c407e2b87fb18038385f
  TXScrollLabelView: 0e1650caf61198bf5dc0938ea6493254aeb80f90
  TZImagePickerController: 4e7a7b3d314f8a75f11042931dfd9d34c270c7db
  UICountingLabel: faf890b505d96312e324a86718f031fafffb0ccb
  WCDB: 8e90babdeb7784c569353a4bd22a66c0a175a882
  WCDBOptimizedSQLCipher: baf44493b0c7a3d49e97bc5b64a3856f6428ddd1
  WebViewJavascriptBridge: 7f5bc4d3581e672e8f32bd0f812d54bc69bb8e29
  WXSTransition: 0bd758aaa1f5869a908b1bb103c4a9e26ad1d3eb
  YQImageCompressor: ed98546ca6aa0b4f4b3ed16067102911b8711531
  YYKit: 7cda43304a8dc3696c449041e2cb3107b4e236e7
  ZBarSDK: 4c1b5daeb7d6cc67dc9355e690af0230a661f6ec
  ZFJTreeViewKit: c3246cbdafa4034352104fdc81a73ac9185d5841

PODFILE CHECKSUM: b523970b9604f5d92b935f0c5cd8d570660e6bc2

COCOAPODS: 1.9.3
